
Microsoft Visual Studio Solution File, Format Version 12.00
# Visual Studio Version 17
VisualStudioVersion = 17.14.36025.13 d17.14
MinimumVisualStudioVersion = 10.0.40219.1
Project("{FAE04EC0-301F-11D3-BF4B-00C04F79EFBC}") = "ObserverLib.Demo", "ObserverLib.Demo.csproj", "{1B3C55E3-5EA4-AA98-0306-AAA9B90A4956}"
EndProject
Project("{FAE04EC0-301F-11D3-BF4B-00C04F79EFBC}") = "ObserverLib", "..\ObserverLib\ObserverLib.csproj", "{00838140-AA16-B266-D429-C14E05F4B07F}"
EndProject
Project("{FAE04EC0-301F-11D3-BF4B-00C04F79EFBC}") = "ObserverLib.Tests", "..\ObserverLib.Tests\ObserverLib.Tests.csproj", "{A03F79DD-D694-93E3-23BB-4A2E5D8AC509}"
EndProject
Global
	GlobalSection(SolutionConfigurationPlatforms) = preSolution
		Debug|Any CPU = Debug|Any CPU
		Release|Any CPU = Release|Any CPU
	EndGlobalSection
	GlobalSection(ProjectConfigurationPlatforms) = postSolution
		{1B3C55E3-5EA4-AA98-0306-AAA9B90A4956}.Debug|Any CPU.ActiveCfg = Debug|Any CPU
		{1B3C55E3-5EA4-AA98-0306-AAA9B90A4956}.Debug|Any CPU.Build.0 = Debug|Any CPU
		{1B3C55E3-5EA4-AA98-0306-AAA9B90A4956}.Release|Any CPU.ActiveCfg = Release|Any CPU
		{1B3C55E3-5EA4-AA98-0306-AAA9B90A4956}.Release|Any CPU.Build.0 = Release|Any CPU
		{00838140-AA16-B266-D429-C14E05F4B07F}.Debug|Any CPU.ActiveCfg = Debug|Any CPU
		{00838140-AA16-B266-D429-C14E05F4B07F}.Debug|Any CPU.Build.0 = Debug|Any CPU
		{00838140-AA16-B266-D429-C14E05F4B07F}.Release|Any CPU.ActiveCfg = Release|Any CPU
		{00838140-AA16-B266-D429-C14E05F4B07F}.Release|Any CPU.Build.0 = Release|Any CPU
		{A03F79DD-D694-93E3-23BB-4A2E5D8AC509}.Debug|Any CPU.ActiveCfg = Debug|Any CPU
		{A03F79DD-D694-93E3-23BB-4A2E5D8AC509}.Debug|Any CPU.Build.0 = Debug|Any CPU
		{A03F79DD-D694-93E3-23BB-4A2E5D8AC509}.Release|Any CPU.ActiveCfg = Release|Any CPU
		{A03F79DD-D694-93E3-23BB-4A2E5D8AC509}.Release|Any CPU.Build.0 = Release|Any CPU
	EndGlobalSection
	GlobalSection(SolutionProperties) = preSolution
		HideSolutionNode = FALSE
	EndGlobalSection
	GlobalSection(ExtensibilityGlobals) = postSolution
		SolutionGuid = {AA41B9A2-EF4A-417A-9187-CC0424F1386D}
	EndGlobalSection
EndGlobal
